
Microsoft Visual Studio Solution File, Format Version 12.00
# Visual Studio Version 16
VisualStudioVersion = 16.0.31410.357
MinimumVisualStudioVersion = 10.0.40219.1
Project("{FAE04EC0-301F-11D3-BF4B-00C04F79EFBC}") = "Employee_Wage_Calculator", "Employee_Wage_Calculator.csproj", "{40DB48F1-0CF7-4C67-88E7-E6AAFE7AE26B}"
EndProject
Global
	GlobalSection(SolutionConfigurationPlatforms) = preSolution
		Debug|Any CPU = Debug|Any CPU
		Release|Any CPU = Release|Any CPU
	EndGlobalSection
	GlobalSection(ProjectConfigurationPlatforms) = postSolution
		{40DB48F1-0CF7-4C67-88E7-E6AAFE7AE26B}.Debug|Any CPU.ActiveCfg = Debug|Any CPU
		{40DB48F1-0CF7-4C67-88E7-E6AAFE7AE26B}.Debug|Any CPU.Build.0 = Debug|Any CPU
		{40DB48F1-0CF7-4C67-88E7-E6AAFE7AE26B}.Release|Any CPU.ActiveCfg = Release|Any CPU
		{40DB48F1-0CF7-4C67-88E7-E6AAFE7AE26B}.Release|Any CPU.Build.0 = Release|Any CPU
	EndGlobalSection
	GlobalSection(SolutionProperties) = preSolution
		HideSolutionNode = FALSE
	EndGlobalSection
	GlobalSection(ExtensibilityGlobals) = postSolution
		SolutionGuid = {7141248B-B2E7-4467-94B0-24567FFE2B8D}
	EndGlobalSection
EndGlobal
